
Microsoft Visual Studio Solution File, Format Version 12.00
# Visual Studio Version 17
VisualStudioVersion = 17.4.33103.184
MinimumVisualStudioVersion = 10.0.40219.1
Project("{9A19103F-16F7-4668-BE54-9A1E7A4F7556}") = "AdrianVillagomez_TPLaboII", "AdrianVillagomez_TPLaboII\AdrianVillagomez_TPLaboII.csproj", "{1005409D-5D88-499B-96E5-853B74601444}"
EndProject
Project("{FAE04EC0-301F-11D3-BF4B-00C04F79EFBC}") = "Entidades", "Entidades\Entidades.csproj", "{BEF7F171-4F47-4C4D-9C32-F47C67FEA9A9}"
EndProject
Project("{FAE04EC0-301F-11D3-BF4B-00C04F79EFBC}") = "UnitTest", "UnitTest\UnitTest.csproj", "{7D00B8F4-E546-443A-8D2F-96556375AB91}"
EndProject
Global
	GlobalSection(SolutionConfigurationPlatforms) = preSolution
		Debug|Any CPU = Debug|Any CPU
		Release|Any CPU = Release|Any CPU
	EndGlobalSection
	GlobalSection(ProjectConfigurationPlatforms) = postSolution
		{1005409D-5D88-499B-96E5-853B74601444}.Debug|Any CPU.ActiveCfg = Debug|Any CPU
		{1005409D-5D88-499B-96E5-853B74601444}.Debug|Any CPU.Build.0 = Debug|Any CPU
		{1005409D-5D88-499B-96E5-853B74601444}.Release|Any CPU.ActiveCfg = Release|Any CPU
		{1005409D-5D88-499B-96E5-853B74601444}.Release|Any CPU.Build.0 = Release|Any CPU
		{BEF7F171-4F47-4C4D-9C32-F47C67FEA9A9}.Debug|Any CPU.ActiveCfg = Debug|Any CPU
		{BEF7F171-4F47-4C4D-9C32-F47C67FEA9A9}.Debug|Any CPU.Build.0 = Debug|Any CPU
		{BEF7F171-4F47-4C4D-9C32-F47C67FEA9A9}.Release|Any CPU.ActiveCfg = Release|Any CPU
		{BEF7F171-4F47-4C4D-9C32-F47C67FEA9A9}.Release|Any CPU.Build.0 = Release|Any CPU
		{7D00B8F4-E546-443A-8D2F-96556375AB91}.Debug|Any CPU.ActiveCfg = Debug|Any CPU
		{7D00B8F4-E546-443A-8D2F-96556375AB91}.Debug|Any CPU.Build.0 = Debug|Any CPU
		{7D00B8F4-E546-443A-8D2F-96556375AB91}.Release|Any CPU.ActiveCfg = Release|Any CPU
		{7D00B8F4-E546-443A-8D2F-96556375AB91}.Release|Any CPU.Build.0 = Release|Any CPU
	EndGlobalSection
	GlobalSection(SolutionProperties) = preSolution
		HideSolutionNode = FALSE
	EndGlobalSection
	GlobalSection(ExtensibilityGlobals) = postSolution
		SolutionGuid = {DB013563-24FF-41BA-B2FA-8A7CCA62F607}
	EndGlobalSection
EndGlobal
