
Microsoft Visual Studio Solution File, Format Version 12.00
# Visual Studio Version 17
VisualStudioVersion = 17.4.33103.184
MinimumVisualStudioVersion = 10.0.40219.1
Project("{FAE04EC0-301F-11D3-BF4B-00C04F79EFBC}") = "AdrianVillagomez_TPLaboII", "AdrianVillagomez_TPLaboII\AdrianVillagomez_TPLaboII.csproj", "{1005409D-5D88-499B-96E5-853B74601444}"
EndProject
Global
	GlobalSection(SolutionConfigurationPlatforms) = preSolution
		Debug|Any CPU = Debug|Any CPU
		Release|Any CPU = Release|Any CPU
	EndGlobalSection
	GlobalSection(ProjectConfigurationPlatforms) = postSolution
		{1005409D-5D88-499B-96E5-853B74601444}.Debug|Any CPU.ActiveCfg = Debug|Any CPU
		{1005409D-5D88-499B-96E5-853B74601444}.Debug|Any CPU.Build.0 = Debug|Any CPU
		{1005409D-5D88-499B-96E5-853B74601444}.Release|Any CPU.ActiveCfg = Release|Any CPU
		{1005409D-5D88-499B-96E5-853B74601444}.Release|Any CPU.Build.0 = Release|Any CPU
	EndGlobalSection
	GlobalSection(SolutionProperties) = preSolution
		HideSolutionNode = FALSE
	EndGlobalSection
	GlobalSection(ExtensibilityGlobals) = postSolution
		SolutionGuid = {DB013563-24FF-41BA-B2FA-8A7CCA62F607}
	EndGlobalSection
EndGlobal
